{
  "name": "vineyard-bitcoin",
  "version": "1.4.0-beta.4",
  "lockfileVersion": 1,
  "requires": true,
  "dependencies": {
    "hot-shots": {
      "version": "5.8.0",
      "resolved": "https://registry.npmjs.org/hot-shots/-/hot-shots-5.8.0.tgz",
      "integrity": "sha512-RbrjKq5VdbiM2VPhJxU5s+yvrmgb5pOsp8o4WdS/vRDm1Ydot14ERmg8CVmIbXyz+uIlDTP0fi+Q4+7TKnr/VQ=="
    }
  }
}
